
Microsoft Visual Studio Solution File, Format Version 12.00
# Visual Studio 15
Project("{FAE04EC0-301F-11D3-BF4B-00C04F79EFBC}") = "remote-voters-api", "RemoteVotersAPI\remote-voters-api.csproj", "{20277A51-BB03-4140-9416-7AD1518944EF}"
EndProject
Global
	GlobalSection(SolutionConfigurationPlatforms) = preSolution
		Debug|Any CPU = Debug|Any CPU
		Release|Any CPU = Release|Any CPU
	EndGlobalSection
	GlobalSection(ProjectConfigurationPlatforms) = postSolution
		{20277A51-BB03-4140-9416-7AD1518944EF}.Debug|Any CPU.ActiveCfg = Debug|Any CPU
		{20277A51-BB03-4140-9416-7AD1518944EF}.Debug|Any CPU.Build.0 = Debug|Any CPU
		{20277A51-BB03-4140-9416-7AD1518944EF}.Release|Any CPU.ActiveCfg = Release|Any CPU
		{20277A51-BB03-4140-9416-7AD1518944EF}.Release|Any CPU.Build.0 = Release|Any CPU
	EndGlobalSection
	GlobalSection(MonoDevelopProperties) = preSolution
		Policies = $0
		$0.DotNetNamingPolicy = $1
		$1.DirectoryNamespaceAssociation = PrefixedHierarchical
	EndGlobalSection
EndGlobal
